// !$*UTF8*$!
{
	archiveVersion = 1;
	classes = {
	};
	objectVersion = 50;
	objects = {

/* Begin PBXBuildFile section */
		003DB23D2694B49B00315FF8 /* AppDelegate.swift in Sources */ = {isa = PBXBuildFile; fileRef = 003DB23C2694B49B00315FF8 /* AppDelegate.swift */; };
		003DB2442694B49B00315FF8 /* Main.storyboard in Resources */ = {isa = PBXBuildFile; fileRef = 003DB2422694B49B00315FF8 /* Main.storyboard */; };
		003DB2462694B49C00315FF8 /* Assets.xcassets in Resources */ = {isa = PBXBuildFile; fileRef = 003DB2452694B49C00315FF8 /* Assets.xcassets */; };
		003DB2492694B49C00315FF8 /* LaunchScreen.storyboard in Resources */ = {isa = PBXBuildFile; fileRef = 003DB2472694B49C00315FF8 /* LaunchScreen.storyboard */; };
		003DB2572694B5F300315FF8 /* BLEClient.swift in Sources */ = {isa = PBXBuildFile; fileRef = 003DB2552694B5F300315FF8 /* BLEClient.swift */; };
		003DB2582694B5F300315FF8 /* ClientViewController.swift in Sources */ = {isa = PBXBuildFile; fileRef = 003DB2562694B5F300315FF8 /* ClientViewController.swift */; };
		003DB25A2694B60800315FF8 /* Constants.swift in Sources */ = {isa = PBXBuildFile; fileRef = 003DB2592694B60800315FF8 /* Constants.swift */; };
		003DB25E2694C1E700315FF8 /* BLEServer.swift in Sources */ = {isa = PBXBuildFile; fileRef = 003DB25B2694C1E700315FF8 /* BLEServer.swift */; };
		003DB25F2694C1E700315FF8 /* ServerViewController.swift in Sources */ = {isa = PBXBuildFile; fileRef = 003DB25C2694C1E700315FF8 /* ServerViewController.swift */; };
/* End PBXBuildFile section */

/* Begin PBXFileReference section */
		003DB2392694B49B00315FF8 /* BLEExample.app */ = {isa = PBXFileReference; explicitFileType = wrapper.application; includeInIndex = 0; path = BLEExample.app; sourceTree = BUILT_PRODUCTS_DIR; };
		003DB23C2694B49B00315FF8 /* AppDelegate.swift */ = {isa = PBXFileReference; lastKnownFileType = sourcecode.swift; path = AppDelegate.swift; sourceTree = "<group>"; };
		003DB2432694B49B00315FF8 /* Base */ = {isa = PBXFileReference; lastKnownFileType = file.storyboard; name = Base; path = Base.lproj/Main.storyboard; sourceTree = "<group>"; };
		003DB2452694B49C00315FF8 /* Assets.xcassets */ = {isa = PBXFileReference; lastKnownFileType = folder.assetcatalog; path = Assets.xcassets; sourceTree = "<group>"; };
		003DB2482694B49C00315FF8 /* Base */ = {isa = PBXFileReference; lastKnownFileType = file.storyboard; name = Base; path = Base.lproj/LaunchScreen.storyboard; sourceTree = "<group>"; };
		003DB24A2694B49C00315FF8 /* Info.plist */ = {isa = PBXFileReference; lastKnownFileType = text.plist.xml; path = Info.plist; sourceTree = "<group>"; };
		003DB2552694B5F300315FF8 /* BLEClient.swift */ = {isa = PBXFileReference; fileEncoding = 4; lastKnownFileType = sourcecode.swift; path = BLEClient.swift; sourceTree = "<group>"; };
		003DB2562694B5F300315FF8 /* ClientViewController.swift */ = {isa = PBXFileReference; fileEncoding = 4; lastKnownFileType = sourcecode.swift; path = ClientViewController.swift; sourceTree = "<group>"; };
		003DB2592694B60800315FF8 /* Constants.swift */ = {isa = PBXFileReference; lastKnownFileType = sourcecode.swift; path = Constants.swift; sourceTree = "<group>"; };
		003DB25B2694C1E700315FF8 /* BLEServer.swift */ = {isa = PBXFileReference; fileEncoding = 4; lastKnownFileType = sourcecode.swift; path = BLEServer.swift; sourceTree = "<group>"; };
		003DB25C2694C1E700315FF8 /* ServerViewController.swift */ = {isa = PBXFileReference; fileEncoding = 4; lastKnownFileType = sourcecode.swift; path = ServerViewController.swift; sourceTree = "<group>"; };
/* End PBXFileReference section */

/* Begin PBXFrameworksBuildPhase section */
		003DB2362694B49B00315FF8 /* Frameworks */ = {
			isa = PBXFrameworksBuildPhase;
			buildActionMask = 2147483647;
			files = (
			);
			runOnlyForDeploymentPostprocessing = 0;
		};
/* End PBXFrameworksBuildPhase section */

/* Begin PBXGroup section */
		003DB2302694B49A00315FF8 = {
			isa = PBXGroup;
			children = (
				003DB23B2694B49B00315FF8 /* BLEExample */,
				003DB23A2694B49B00315FF8 /* Products */,
			);
			sourceTree = "<group>";
		};
		003DB23A2694B49B00315FF8 /* Products */ = {
			isa = PBXGroup;
			children = (
				003DB2392694B49B00315FF8 /* BLEExample.app */,
			);
			name = Products;
			sourceTree = "<group>";
		};
		003DB23B2694B49B00315FF8 /* BLEExample */ = {
			isa = PBXGroup;
			children = (
				003DB2512694B58F00315FF8 /* Resources */,
				003DB2502694B58800315FF8 /* Support */,
				003DB2522694B5A400315FF8 /* Internal */,
				003DB24A2694B49C00315FF8 /* Info.plist */,
			);
			path = BLEExample;
			sourceTree = "<group>";
		};
		003DB2502694B58800315FF8 /* Support */ = {
			isa = PBXGroup;
			children = (
				003DB23C2694B49B00315FF8 /* AppDelegate.swift */,
			);
			path = Support;
			sourceTree = "<group>";
		};
		003DB2512694B58F00315FF8 /* Resources */ = {
			isa = PBXGroup;
			children = (
				003DB2422694B49B00315FF8 /* Main.storyboard */,
				003DB2452694B49C00315FF8 /* Assets.xcassets */,
				003DB2472694B49C00315FF8 /* LaunchScreen.storyboard */,
			);
			path = Resources;
			sourceTree = "<group>";
		};
		003DB2522694B5A400315FF8 /* Internal */ = {
			isa = PBXGroup;
			children = (
				003DB2592694B60800315FF8 /* Constants.swift */,
				003DB2542694B5B500315FF8 /* Server */,
				003DB2532694B5B000315FF8 /* Client */,
			);
			path = Internal;
			sourceTree = "<group>";
		};
		003DB2532694B5B000315FF8 /* Client */ = {
			isa = PBXGroup;
			children = (
				003DB2552694B5F300315FF8 /* BLEClient.swift */,
				003DB2562694B5F300315FF8 /* ClientViewController.swift */,
			);
			path = Client;
			sourceTree = "<group>";
		};
		003DB2542694B5B500315FF8 /* Server */ = {
			isa = PBXGroup;
			children = (
				003DB25B2694C1E700315FF8 /* BLEServer.swift */,
				003DB25C2694C1E700315FF8 /* ServerViewController.swift */,
			);
			path = Server;
			sourceTree = "<group>";
		};
/* End PBXGroup section */

/* Begin PBXNativeTarget section */
		003DB2382694B49B00315FF8 /* BLEExample */ = {
			isa = PBXNativeTarget;
			buildConfigurationList = 003DB24D2694B49C00315FF8 /* Build configuration list for PBXNativeTarget "BLEExample" */;
			buildPhases = (
				003DB2352694B49B00315FF8 /* Sources */,
				003DB2362694B49B00315FF8 /* Frameworks */,
				003DB2372694B49B00315FF8 /* Resources */,
			);
			buildRules = (
			);
			dependencies = (
			);
			name = BLEExample;
			productName = BLEExample;
			productReference = 003DB2392694B49B00315FF8 /* BLEExample.app */;
			productType = "com.apple.product-type.application";
		};
/* End PBXNativeTarget section */

/* Begin PBXProject section */
		003DB2312694B49B00315FF8 /* Project object */ = {
			isa = PBXProject;
			attributes = {
				LastSwiftUpdateCheck = 1250;
				LastUpgradeCheck = 1250;
				TargetAttributes = {
					003DB2382694B49B00315FF8 = {
						CreatedOnToolsVersion = 12.5;
					};
				};
			};
			buildConfigurationList = 003DB2342694B49B00315FF8 /* Build configuration list for PBXProject "BLEExample" */;
			compatibilityVersion = "Xcode 9.3";
			developmentRegion = en;
			hasScannedForEncodings = 0;
			knownRegions = (
				en,
				Base,
			);
			mainGroup = 003DB2302694B49A00315FF8;
			productRefGroup = 003DB23A2694B49B00315FF8 /* Products */;
			projectDirPath = "";
			projectRoot = "";
			targets = (
				003DB2382694B49B00315FF8 /* BLEExample */,
			);
		};
/* End PBXProject section */

/* Begin PBXResourcesBuildPhase section */
		003DB2372694B49B00315FF8 /* Resources */ = {
			isa = PBXResourcesBuildPhase;
			buildActionMask = 2147483647;
			files = (
				003DB2492694B49C00315FF8 /* LaunchScreen.storyboard in Resources */,
				003DB2462694B49C00315FF8 /* Assets.xcassets in Resources */,
				003DB2442694B49B00315FF8 /* Main.storyboard in Resources */,
			);
			runOnlyForDeploymentPostprocessing = 0;
		};
/* End PBXResourcesBuildPhase section */

/* Begin PBXSourcesBuildPhase section */
		003DB2352694B49B00315FF8 /* Sources */ = {
			isa = PBXSourcesBuildPhase;
			buildActionMask = 2147483647;
			files = (
				003DB25F2694C1E700315FF8 /* ServerViewController.swift in Sources */,
				003DB2582694B5F300315FF8 /* ClientViewController.swift in Sources */,
				003DB25E2694C1E700315FF8 /* BLEServer.swift in Sources */,
				003DB2572694B5F300315FF8 /* BLEClient.swift in Sources */,
				003DB23D2694B49B00315FF8 /* AppDelegate.swift in Sources */,
				003DB25A2694B60800315FF8 /* Constants.swift in Sources */,
			);
			runOnlyForDeploymentPostprocessing = 0;
		};
/* End PBXSourcesBuildPhase section */

/* Begin PBXVariantGroup section */
		003DB2422694B49B00315FF8 /* Main.storyboard */ = {
			isa = PBXVariantGroup;
			children = (
				003DB2432694B49B00315FF8 /* Base */,
			);
			name = Main.storyboard;
			sourceTree = "<group>";
		};
		003DB2472694B49C00315FF8 /* LaunchScreen.storyboard */ = {
			isa = PBXVariantGroup;
			children = (
				003DB2482694B49C00315FF8 /* Base */,
			);
			name = LaunchScreen.storyboard;
			sourceTree = "<group>";
		};
/* End PBXVariantGroup section */

/* Begin XCBuildConfiguration section */
		003DB24B2694B49C00315FF8 /* Debug */ = {
			isa = XCBuildConfiguration;
			buildSettings = {
				ALWAYS_SEARCH_USER_PATHS = NO;
				CLANG_ANALYZER_NONNULL = YES;
				CLANG_ANALYZER_NUMBER_OBJECT_CONVERSION = YES_AGGRESSIVE;
				CLANG_CXX_LANGUAGE_STANDARD = "gnu++14";
				CLANG_CXX_LIBRARY = "libc++";
				CLANG_ENABLE_MODULES = YES;
				CLANG_ENABLE_OBJC_ARC = YES;
				CLANG_ENABLE_OBJC_WEAK = YES;
				CLANG_WARN_BLOCK_CAPTURE_AUTORELEASING = YES;
				CLANG_WARN_BOOL_CONVERSION = YES;
				CLANG_WARN_COMMA = YES;
				CLANG_WARN_CONSTANT_CONVERSION = YES;
				CLANG_WARN_DEPRECATED_OBJC_IMPLEMENTATIONS = YES;
				CLANG_WARN_DIRECT_OBJC_ISA_USAGE = YES_ERROR;
				CLANG_WARN_DOCUMENTATION_COMMENTS = YES;
				CLANG_WARN_EMPTY_BODY = YES;
				CLANG_WARN_ENUM_CONVERSION = YES;
				CLANG_WARN_INFINITE_RECURSION = YES;
				CLANG_WARN_INT_CONVERSION = YES;
				CLANG_WARN_NON_LITERAL_NULL_CONVERSION = YES;
				CLANG_WARN_OBJC_IMPLICIT_RETAIN_SELF = YES;
				CLANG_WARN_OBJC_LITERAL_CONVERSION = YES;
				CLANG_WARN_OBJC_ROOT_CLASS = YES_ERROR;
				CLANG_WARN_QUOTED_INCLUDE_IN_FRAMEWORK_HEADER = YES;
				CLANG_WARN_RANGE_LOOP_ANALYSIS = YES;
				CLANG_WARN_STRICT_PROTOTYPES = YES;
				CLANG_WARN_SUSPICIOUS_MOVE = YES;
				CLANG_WARN_UNGUARDED_AVAILABILITY = YES_AGGRESSIVE;
				CLANG_WARN_UNREACHABLE_CODE = YES;
				CLANG_WARN__DUPLICATE_METHOD_MATCH = YES;
				COPY_PHASE_STRIP = NO;
				DEBUG_INFORMATION_FORMAT = dwarf;
				ENABLE_STRICT_OBJC_MSGSEND = YES;
				ENABLE_TESTABILITY = YES;
				GCC_C_LANGUAGE_STANDARD = gnu11;
				GCC_DYNAMIC_NO_PIC = NO;
				GCC_NO_COMMON_BLOCKS = YES;
				GCC_OPTIMIZATION_LEVEL = 0;
				GCC_PREPROCESSOR_DEFINITIONS = (
					"DEBUG=1",
					"$(inherited)",
				);
				GCC_WARN_64_TO_32_BIT_CONVERSION = YES;
				GCC_WARN_ABOUT_RETURN_TYPE = YES_ERROR;
				GCC_WARN_UNDECLARED_SELECTOR = YES;
				GCC_WARN_UNINITIALIZED_AUTOS = YES_AGGRESSIVE;
				GCC_WARN_UNUSED_FUNCTION = YES;
				GCC_WARN_UNUSED_VARIABLE = YES;
				IPHONEOS_DEPLOYMENT_TARGET = 14.5;
				MTL_ENABLE_DEBUG_INFO = INCLUDE_SOURCE;
				MTL_FAST_MATH = YES;
				ONLY_ACTIVE_ARCH = YES;
				SDKROOT = iphoneos;
				SWIFT_ACTIVE_COMPILATION_CONDITIONS = DEBUG;
				SWIFT_OPTIMIZATION_LEVEL = "-Onone";
			};
			name = Debug;
		};
		003DB24C2694B49C00315FF8 /* Release */ = {
			isa = XCBuildConfiguration;
			buildSettings = {
				ALWAYS_SEARCH_USER_PATHS = NO;
				CLANG_ANALYZER_NONNULL = YES;
				CLANG_ANALYZER_NUMBER_OBJECT_CONVERSION = YES_AGGRESSIVE;
				CLANG_CXX_LANGUAGE_STANDARD = "gnu++14";
				CLANG_CXX_LIBRARY = "libc++";
				CLANG_ENABLE_MODULES = YES;
				CLANG_ENABLE_OBJC_ARC = YES;
				CLANG_ENABLE_OBJC_WEAK = YES;
				CLANG_WARN_BLOCK_CAPTURE_AUTORELEASING = YES;
				CLANG_WARN_BOOL_CONVERSION = YES;
				CLANG_WARN_COMMA = YES;
				CLANG_WARN_CONSTANT_CONVERSION = YES;
				CLANG_WARN_DEPRECATED_OBJC_IMPLEMENTATIONS = YES;
				CLANG_WARN_DIRECT_OBJC_ISA_USAGE = YES_ERROR;
				CLANG_WARN_DOCUMENTATION_COMMENTS = YES;
				CLANG_WARN_EMPTY_BODY = YES;
				CLANG_WARN_ENUM_CONVERSION = YES;
				CLANG_WARN_INFINITE_RECURSION = YES;
				CLANG_WARN_INT_CONVERSION = YES;
				CLANG_WARN_NON_LITERAL_NULL_CONVERSION = YES;
				CLANG_WARN_OBJC_IMPLICIT_RETAIN_SELF = YES;
				CLANG_WARN_OBJC_LITERAL_CONVERSION = YES;
				CLANG_WARN_OBJC_ROOT_CLASS = YES_ERROR;
				CLANG_WARN_QUOTED_INCLUDE_IN_FRAMEWORK_HEADER = YES;
				CLANG_WARN_RANGE_LOOP_ANALYSIS = YES;
				CLANG_WARN_STRICT_PROTOTYPES = YES;
				CLANG_WARN_SUSPICIOUS_MOVE = YES;
				CLANG_WARN_UNGUARDED_AVAILABILITY = YES_AGGRESSIVE;
				CLANG_WARN_UNREACHABLE_CODE = YES;
				CLANG_WARN__DUPLICATE_METHOD_MATCH = YES;
				COPY_PHASE_STRIP = NO;
				DEBUG_INFORMATION_FORMAT = "dwarf-with-dsym";
				ENABLE_NS_ASSERTIONS = NO;
				ENABLE_STRICT_OBJC_MSGSEND = YES;
				GCC_C_LANGUAGE_STANDARD = gnu11;
				GCC_NO_COMMON_BLOCKS = YES;
				GCC_WARN_64_TO_32_BIT_CONVERSION = YES;
				GCC_WARN_ABOUT_RETURN_TYPE = YES_ERROR;
				GCC_WARN_UNDECLARED_SELECTOR = YES;
				GCC_WARN_UNINITIALIZED_AUTOS = YES_AGGRESSIVE;
				GCC_WARN_UNUSED_FUNCTION = YES;
				GCC_WARN_UNUSED_VARIABLE = YES;
				IPHONEOS_DEPLOYMENT_TARGET = 14.5;
				MTL_ENABLE_DEBUG_INFO = NO;
				MTL_FAST_MATH = YES;
				SDKROOT = iphoneos;
				SWIFT_COMPILATION_MODE = wholemodule;
				SWIFT_OPTIMIZATION_LEVEL = "-O";
				VALIDATE_PRODUCT = YES;
			};
			name = Release;
		};
		003DB24E2694B49C00315FF8 /* Debug */ = {
			isa = XCBuildConfiguration;
			buildSettings = {
				ASSETCATALOG_COMPILER_APPICON_NAME = AppIcon;
				ASSETCATALOG_COMPILER_GLOBAL_ACCENT_COLOR_NAME = AccentColor;
				CODE_SIGN_STYLE = Automatic;
				DEVELOPMENT_TEAM = Y42575E352;
				INFOPLIST_FILE = BLEExample/Info.plist;
				IPHONEOS_DEPLOYMENT_TARGET = 11.0;
				LD_RUNPATH_SEARCH_PATHS = (
					"$(inherited)",
					"@executable_path/Frameworks",
				);
				PRODUCT_BUNDLE_IDENTIFIER = ru.kirillsidorov.BLEExample;
				PRODUCT_NAME = "$(TARGET_NAME)";
				SWIFT_VERSION = 5.0;
				TARGETED_DEVICE_FAMILY = "1,2";
			};
			name = Debug;
		};
		003DB24F2694B49C00315FF8 /* Release */ = {
			isa = XCBuildConfiguration;
			buildSettings = {
				ASSETCATALOG_COMPILER_APPICON_NAME = AppIcon;
				ASSETCATALOG_COMPILER_GLOBAL_ACCENT_COLOR_NAME = AccentColor;
				CODE_SIGN_STYLE = Automatic;
				DEVELOPMENT_TEAM = Y42575E352;
				INFOPLIST_FILE = BLEExample/Info.plist;
				IPHONEOS_DEPLOYMENT_TARGET = 11.0;
				LD_RUNPATH_SEARCH_PATHS = (
					"$(inherited)",
					"@executable_path/Frameworks",
				);
				PRODUCT_BUNDLE_IDENTIFIER = ru.kirillsidorov.BLEExample;
				PRODUCT_NAME = "$(TARGET_NAME)";
				SWIFT_VERSION = 5.0;
				TARGETED_DEVICE_FAMILY = "1,2";
			};
			name = Release;
		};
/* End XCBuildConfiguration section */

/* Begin XCConfigurationList section */
		003DB2342694B49B00315FF8 /* Build configuration list for PBXProject "BLEExample" */ = {
			isa = XCConfigurationList;
			buildConfigurations = (
				003DB24B2694B49C00315FF8 /* Debug */,
				003DB24C2694B49C00315FF8 /* Release */,
			);
			defaultConfigurationIsVisible = 0;
			defaultConfigurationName = Release;
		};
		003DB24D2694B49C00315FF8 /* Build configuration list for PBXNativeTarget "BLEExample" */ = {
			isa = XCConfigurationList;
			buildConfigurations = (
				003DB24E2694B49C00315FF8 /* Debug */,
				003DB24F2694B49C00315FF8 /* Release */,
			);
			defaultConfigurationIsVisible = 0;
			defaultConfigurationName = Release;
		};
/* End XCConfigurationList section */
	};
	rootObject = 003DB2312694B49B00315FF8 /* Project object */;
}
